# THIS IS AN AUTOGENERATED FILE. DO NOT EDIT THIS FILE DIRECTLY.
# yarn lockfile v1


"react-native-dropdown-select-list@^2.0.4":
  "integrity" "sha512-H7aRhhSHYvl5v+Ufy5CtXhaRHgrRQakWn+IexSFCP/+nUFu5yvwfmtbVEfIszMjr6szPuiabG15trrbswHlmCw=="
  "resolved" "https://registry.npmjs.org/react-native-dropdown-select-list/-/react-native-dropdown-select-list-2.0.4.tgz"
  "version" "2.0.4"

"react-native-select-dropdown@^3.3.2":
  "integrity" "sha512-2rsPgAzeZ4Pdsf/kCuwYyzmLd5OO+cT3yZ0gAvVZ9C+5xkchiY7iE9u5M5F0DCgMqmwJjBBsiBEvULJ/Eaxpng=="
  "resolved" "https://registry.npmjs.org/react-native-select-dropdown/-/react-native-select-dropdown-3.3.2.tgz"
  "version" "3.3.2"
